
Microsoft Visual Studio Solution File, Format Version 12.00
# Visual Studio Version 17
VisualStudioVersion = 17.6.33829.357
MinimumVisualStudioVersion = 10.0.40219.1
Project("{FAE04EC0-301F-11D3-BF4B-00C04F79EFBC}") = "AppBancaMutual.Android", "AppBancaMutual\AppBancaMutual.Android\AppBancaMutual.Android.csproj", "{8E37D086-678F-48B3-A2A6-AF666F8CE8E5}"
EndProject
Project("{FAE04EC0-301F-11D3-BF4B-00C04F79EFBC}") = "AppBancaMutual.iOS", "AppBancaMutual\AppBancaMutual.iOS\AppBancaMutual.iOS.csproj", "{DFCF0499-0CB5-4A1A-A910-C36CCD2889E8}"
EndProject
Project("{FAE04EC0-301F-11D3-BF4B-00C04F79EFBC}") = "AppBancaMutual", "AppBancaMutual\AppBancaMutual\AppBancaMutual.csproj", "{4FC6D604-48F9-4A18-BE75-2FD3C49C9189}"
EndProject
Global
	GlobalSection(SolutionConfigurationPlatforms) = preSolution
		Debug|Any CPU = Debug|Any CPU
		Debug|iPhone = Debug|iPhone
		Debug|iPhoneSimulator = Debug|iPhoneSimulator
		Release|Any CPU = Release|Any CPU
		Release|iPhone = Release|iPhone
		Release|iPhoneSimulator = Release|iPhoneSimulator
	EndGlobalSection
	GlobalSection(ProjectConfigurationPlatforms) = postSolution
		{8E37D086-678F-48B3-A2A6-AF666F8CE8E5}.Debug|Any CPU.ActiveCfg = Debug|Any CPU
		{8E37D086-678F-48B3-A2A6-AF666F8CE8E5}.Debug|Any CPU.Build.0 = Debug|Any CPU
		{8E37D086-678F-48B3-A2A6-AF666F8CE8E5}.Debug|Any CPU.Deploy.0 = Debug|Any CPU
		{8E37D086-678F-48B3-A2A6-AF666F8CE8E5}.Debug|iPhone.ActiveCfg = Debug|Any CPU
		{8E37D086-678F-48B3-A2A6-AF666F8CE8E5}.Debug|iPhone.Build.0 = Debug|Any CPU
		{8E37D086-678F-48B3-A2A6-AF666F8CE8E5}.Debug|iPhone.Deploy.0 = Debug|Any CPU
		{8E37D086-678F-48B3-A2A6-AF666F8CE8E5}.Debug|iPhoneSimulator.ActiveCfg = Debug|Any CPU
		{8E37D086-678F-48B3-A2A6-AF666F8CE8E5}.Debug|iPhoneSimulator.Build.0 = Debug|Any CPU
		{8E37D086-678F-48B3-A2A6-AF666F8CE8E5}.Debug|iPhoneSimulator.Deploy.0 = Debug|Any CPU
		{8E37D086-678F-48B3-A2A6-AF666F8CE8E5}.Release|Any CPU.ActiveCfg = Release|Any CPU
		{8E37D086-678F-48B3-A2A6-AF666F8CE8E5}.Release|Any CPU.Build.0 = Release|Any CPU
		{8E37D086-678F-48B3-A2A6-AF666F8CE8E5}.Release|Any CPU.Deploy.0 = Release|Any CPU
		{8E37D086-678F-48B3-A2A6-AF666F8CE8E5}.Release|iPhone.ActiveCfg = Release|Any CPU
		{8E37D086-678F-48B3-A2A6-AF666F8CE8E5}.Release|iPhone.Build.0 = Release|Any CPU
		{8E37D086-678F-48B3-A2A6-AF666F8CE8E5}.Release|iPhone.Deploy.0 = Release|Any CPU
		{8E37D086-678F-48B3-A2A6-AF666F8CE8E5}.Release|iPhoneSimulator.ActiveCfg = Release|Any CPU
		{8E37D086-678F-48B3-A2A6-AF666F8CE8E5}.Release|iPhoneSimulator.Build.0 = Release|Any CPU
		{8E37D086-678F-48B3-A2A6-AF666F8CE8E5}.Release|iPhoneSimulator.Deploy.0 = Release|Any CPU
		{DFCF0499-0CB5-4A1A-A910-C36CCD2889E8}.Debug|Any CPU.ActiveCfg = Debug|iPhoneSimulator
		{DFCF0499-0CB5-4A1A-A910-C36CCD2889E8}.Debug|Any CPU.Build.0 = Debug|iPhoneSimulator
		{DFCF0499-0CB5-4A1A-A910-C36CCD2889E8}.Debug|iPhone.ActiveCfg = Debug|iPhone
		{DFCF0499-0CB5-4A1A-A910-C36CCD2889E8}.Debug|iPhone.Build.0 = Debug|iPhone
		{DFCF0499-0CB5-4A1A-A910-C36CCD2889E8}.Debug|iPhoneSimulator.ActiveCfg = Debug|iPhoneSimulator
		{DFCF0499-0CB5-4A1A-A910-C36CCD2889E8}.Debug|iPhoneSimulator.Build.0 = Debug|iPhoneSimulator
		{DFCF0499-0CB5-4A1A-A910-C36CCD2889E8}.Release|Any CPU.ActiveCfg = Release|iPhoneSimulator
		{DFCF0499-0CB5-4A1A-A910-C36CCD2889E8}.Release|Any CPU.Build.0 = Release|iPhoneSimulator
		{DFCF0499-0CB5-4A1A-A910-C36CCD2889E8}.Release|iPhone.ActiveCfg = Release|iPhone
		{DFCF0499-0CB5-4A1A-A910-C36CCD2889E8}.Release|iPhone.Build.0 = Release|iPhone
		{DFCF0499-0CB5-4A1A-A910-C36CCD2889E8}.Release|iPhoneSimulator.ActiveCfg = Release|iPhoneSimulator
		{DFCF0499-0CB5-4A1A-A910-C36CCD2889E8}.Release|iPhoneSimulator.Build.0 = Release|iPhoneSimulator
		{4FC6D604-48F9-4A18-BE75-2FD3C49C9189}.Debug|Any CPU.ActiveCfg = Debug|Any CPU
		{4FC6D604-48F9-4A18-BE75-2FD3C49C9189}.Debug|Any CPU.Build.0 = Debug|Any CPU
		{4FC6D604-48F9-4A18-BE75-2FD3C49C9189}.Debug|iPhone.ActiveCfg = Debug|Any CPU
		{4FC6D604-48F9-4A18-BE75-2FD3C49C9189}.Debug|iPhone.Build.0 = Debug|Any CPU
		{4FC6D604-48F9-4A18-BE75-2FD3C49C9189}.Debug|iPhoneSimulator.ActiveCfg = Debug|Any CPU
		{4FC6D604-48F9-4A18-BE75-2FD3C49C9189}.Debug|iPhoneSimulator.Build.0 = Debug|Any CPU
		{4FC6D604-48F9-4A18-BE75-2FD3C49C9189}.Release|Any CPU.ActiveCfg = Release|Any CPU
		{4FC6D604-48F9-4A18-BE75-2FD3C49C9189}.Release|Any CPU.Build.0 = Release|Any CPU
		{4FC6D604-48F9-4A18-BE75-2FD3C49C9189}.Release|iPhone.ActiveCfg = Release|Any CPU
		{4FC6D604-48F9-4A18-BE75-2FD3C49C9189}.Release|iPhone.Build.0 = Release|Any CPU
		{4FC6D604-48F9-4A18-BE75-2FD3C49C9189}.Release|iPhoneSimulator.ActiveCfg = Release|Any CPU
		{4FC6D604-48F9-4A18-BE75-2FD3C49C9189}.Release|iPhoneSimulator.Build.0 = Release|Any CPU
	EndGlobalSection
	GlobalSection(SolutionProperties) = preSolution
		HideSolutionNode = FALSE
	EndGlobalSection
	GlobalSection(ExtensibilityGlobals) = postSolution
		SolutionGuid = {7CB22CAE-E1B5-4A62-85F5-C10147761916}
	EndGlobalSection
EndGlobal
